
Microsoft Visual Studio Solution File, Format Version 12.00
# Visual Studio 15
VisualStudioVersion = 15.0.26430.14
MinimumVisualStudioVersion = 10.0.40219.1
Project("{FAE04EC0-301F-11D3-BF4B-00C04F79EFBC}") = "skills-101-2", "skills-101-2.csproj", "{D02D0CA5-FDB4-4700-8537-943F6BAC972A}"
EndProject
Global
	GlobalSection(SolutionConfigurationPlatforms) = preSolution
		Debug|Any CPU = Debug|Any CPU
		Release|Any CPU = Release|Any CPU
	EndGlobalSection
	GlobalSection(ProjectConfigurationPlatforms) = postSolution
		{D02D0CA5-FDB4-4700-8537-943F6BAC972A}.Debug|Any CPU.ActiveCfg = Debug|Any CPU
		{D02D0CA5-FDB4-4700-8537-943F6BAC972A}.Debug|Any CPU.Build.0 = Debug|Any CPU
		{D02D0CA5-FDB4-4700-8537-943F6BAC972A}.Release|Any CPU.ActiveCfg = Release|Any CPU
		{D02D0CA5-FDB4-4700-8537-943F6BAC972A}.Release|Any CPU.Build.0 = Release|Any CPU
	EndGlobalSection
	GlobalSection(SolutionProperties) = preSolution
		HideSolutionNode = FALSE
	EndGlobalSection
EndGlobal
