
Microsoft Visual Studio Solution File, Format Version 12.00
# Visual Studio 15
VisualStudioVersion = 15.0.28010.2050
MinimumVisualStudioVersion = 10.0.40219.1
Project("{FAE04EC0-301F-11D3-BF4B-00C04F79EFBC}") = "NTUST-1314", "NTUST-1314.csproj", "{D0BE396B-044A-402A-BDEE-5D848DF95A77}"
EndProject
Global
	GlobalSection(SolutionConfigurationPlatforms) = preSolution
		Debug|Any CPU = Debug|Any CPU
		Release|Any CPU = Release|Any CPU
	EndGlobalSection
	GlobalSection(ProjectConfigurationPlatforms) = postSolution
		{D0BE396B-044A-402A-BDEE-5D848DF95A77}.Debug|Any CPU.ActiveCfg = Debug|Any CPU
		{D0BE396B-044A-402A-BDEE-5D848DF95A77}.Debug|Any CPU.Build.0 = Debug|Any CPU
		{D0BE396B-044A-402A-BDEE-5D848DF95A77}.Release|Any CPU.ActiveCfg = Release|Any CPU
		{D0BE396B-044A-402A-BDEE-5D848DF95A77}.Release|Any CPU.Build.0 = Release|Any CPU
	EndGlobalSection
	GlobalSection(SolutionProperties) = preSolution
		HideSolutionNode = FALSE
	EndGlobalSection
	GlobalSection(ExtensibilityGlobals) = postSolution
		SolutionGuid = {F656B160-D707-4B8F-B1C5-91E760FADF25}
	EndGlobalSection
EndGlobal
