
Microsoft Visual Studio Solution File, Format Version 12.00
# Visual Studio 15
VisualStudioVersion = 15.0.28010.2050
MinimumVisualStudioVersion = 10.0.40219.1
Project("{FAE04EC0-301F-11D3-BF4B-00C04F79EFBC}") = "模擬練習03-06", "模擬練習03-06.csproj", "{871AD28D-D4E9-42B2-A763-7907BCF54B0D}"
EndProject
Global
	GlobalSection(SolutionConfigurationPlatforms) = preSolution
		Debug|Any CPU = Debug|Any CPU
		Release|Any CPU = Release|Any CPU
	EndGlobalSection
	GlobalSection(ProjectConfigurationPlatforms) = postSolution
		{871AD28D-D4E9-42B2-A763-7907BCF54B0D}.Debug|Any CPU.ActiveCfg = Debug|Any CPU
		{871AD28D-D4E9-42B2-A763-7907BCF54B0D}.Debug|Any CPU.Build.0 = Debug|Any CPU
		{871AD28D-D4E9-42B2-A763-7907BCF54B0D}.Release|Any CPU.ActiveCfg = Release|Any CPU
		{871AD28D-D4E9-42B2-A763-7907BCF54B0D}.Release|Any CPU.Build.0 = Release|Any CPU
	EndGlobalSection
	GlobalSection(SolutionProperties) = preSolution
		HideSolutionNode = FALSE
	EndGlobalSection
	GlobalSection(ExtensibilityGlobals) = postSolution
		SolutionGuid = {17C6E7FE-F303-4D48-B907-067F4F8AA41D}
	EndGlobalSection
EndGlobal
