
Microsoft Visual Studio Solution File, Format Version 12.00
# Visual Studio 15
VisualStudioVersion = 15.0.28010.2050
MinimumVisualStudioVersion = 10.0.40219.1
Project("{FAE04EC0-301F-11D3-BF4B-00C04F79EFBC}") = "NTUST-1324", "NTUST-1324.csproj", "{BB4F0C8E-C6B8-469C-910C-6DCF431428D1}"
EndProject
Global
	GlobalSection(SolutionConfigurationPlatforms) = preSolution
		Debug|Any CPU = Debug|Any CPU
		Release|Any CPU = Release|Any CPU
	EndGlobalSection
	GlobalSection(ProjectConfigurationPlatforms) = postSolution
		{BB4F0C8E-C6B8-469C-910C-6DCF431428D1}.Debug|Any CPU.ActiveCfg = Debug|Any CPU
		{BB4F0C8E-C6B8-469C-910C-6DCF431428D1}.Debug|Any CPU.Build.0 = Debug|Any CPU
		{BB4F0C8E-C6B8-469C-910C-6DCF431428D1}.Release|Any CPU.ActiveCfg = Release|Any CPU
		{BB4F0C8E-C6B8-469C-910C-6DCF431428D1}.Release|Any CPU.Build.0 = Release|Any CPU
	EndGlobalSection
	GlobalSection(SolutionProperties) = preSolution
		HideSolutionNode = FALSE
	EndGlobalSection
	GlobalSection(ExtensibilityGlobals) = postSolution
		SolutionGuid = {61B9D2C1-056A-4C83-9D31-CD41A89C66EC}
	EndGlobalSection
EndGlobal
