
Microsoft Visual Studio Solution File, Format Version 12.00
# Visual Studio 14
VisualStudioVersion = 14.0.25420.1
MinimumVisualStudioVersion = 10.0.40219.1
Project("{FAE04EC0-301F-11D3-BF4B-00C04F79EFBC}") = "skills-106-2", "skills-106-2.csproj", "{2D98B358-8345-4CCA-8665-D3E12E3B0C59}"
EndProject
Global
	GlobalSection(SolutionConfigurationPlatforms) = preSolution
		Debug|Any CPU = Debug|Any CPU
		Release|Any CPU = Release|Any CPU
	EndGlobalSection
	GlobalSection(ProjectConfigurationPlatforms) = postSolution
		{2D98B358-8345-4CCA-8665-D3E12E3B0C59}.Debug|Any CPU.ActiveCfg = Debug|Any CPU
		{2D98B358-8345-4CCA-8665-D3E12E3B0C59}.Debug|Any CPU.Build.0 = Debug|Any CPU
		{2D98B358-8345-4CCA-8665-D3E12E3B0C59}.Release|Any CPU.ActiveCfg = Release|Any CPU
		{2D98B358-8345-4CCA-8665-D3E12E3B0C59}.Release|Any CPU.Build.0 = Release|Any CPU
	EndGlobalSection
	GlobalSection(SolutionProperties) = preSolution
		HideSolutionNode = FALSE
	EndGlobalSection
EndGlobal
