
Microsoft Visual Studio Solution File, Format Version 12.00
# Visual Studio 15
VisualStudioVersion = 15.0.26430.14
MinimumVisualStudioVersion = 10.0.40219.1
Project("{FAE04EC0-301F-11D3-BF4B-00C04F79EFBC}") = "LionCup107-4", "LionCup107-4.csproj", "{513765F6-D87D-4DB0-9C1E-0E970B66921D}"
EndProject
Global
	GlobalSection(SolutionConfigurationPlatforms) = preSolution
		Debug|Any CPU = Debug|Any CPU
		Release|Any CPU = Release|Any CPU
	EndGlobalSection
	GlobalSection(ProjectConfigurationPlatforms) = postSolution
		{513765F6-D87D-4DB0-9C1E-0E970B66921D}.Debug|Any CPU.ActiveCfg = Debug|Any CPU
		{513765F6-D87D-4DB0-9C1E-0E970B66921D}.Debug|Any CPU.Build.0 = Debug|Any CPU
		{513765F6-D87D-4DB0-9C1E-0E970B66921D}.Release|Any CPU.ActiveCfg = Release|Any CPU
		{513765F6-D87D-4DB0-9C1E-0E970B66921D}.Release|Any CPU.Build.0 = Release|Any CPU
	EndGlobalSection
	GlobalSection(SolutionProperties) = preSolution
		HideSolutionNode = FALSE
	EndGlobalSection
EndGlobal
