
Microsoft Visual Studio Solution File, Format Version 12.00
# Visual Studio 15
VisualStudioVersion = 15.0.28010.2050
MinimumVisualStudioVersion = 10.0.40219.1
Project("{FAE04EC0-301F-11D3-BF4B-00C04F79EFBC}") = "最小平方法", "最小平方法.csproj", "{0D7D9627-79DF-42FD-ADDC-59750BC438C1}"
EndProject
Global
	GlobalSection(SolutionConfigurationPlatforms) = preSolution
		Debug|Any CPU = Debug|Any CPU
		Release|Any CPU = Release|Any CPU
	EndGlobalSection
	GlobalSection(ProjectConfigurationPlatforms) = postSolution
		{0D7D9627-79DF-42FD-ADDC-59750BC438C1}.Debug|Any CPU.ActiveCfg = Debug|Any CPU
		{0D7D9627-79DF-42FD-ADDC-59750BC438C1}.Debug|Any CPU.Build.0 = Debug|Any CPU
		{0D7D9627-79DF-42FD-ADDC-59750BC438C1}.Release|Any CPU.ActiveCfg = Release|Any CPU
		{0D7D9627-79DF-42FD-ADDC-59750BC438C1}.Release|Any CPU.Build.0 = Release|Any CPU
	EndGlobalSection
	GlobalSection(SolutionProperties) = preSolution
		HideSolutionNode = FALSE
	EndGlobalSection
	GlobalSection(ExtensibilityGlobals) = postSolution
		SolutionGuid = {6E5B5BC7-5B85-4CEE-8C22-EAB2B37B04D0}
	EndGlobalSection
EndGlobal
