
Microsoft Visual Studio Solution File, Format Version 12.00
# Visual Studio 15
VisualStudioVersion = 15.0.26430.14
MinimumVisualStudioVersion = 10.0.40219.1
Project("{FAE04EC0-301F-11D3-BF4B-00C04F79EFBC}") = "skills-105-3", "skills-105-3.csproj", "{56CEBE4B-7D79-41DD-89E4-E82C9F88556C}"
EndProject
Global
	GlobalSection(SolutionConfigurationPlatforms) = preSolution
		Debug|Any CPU = Debug|Any CPU
		Release|Any CPU = Release|Any CPU
	EndGlobalSection
	GlobalSection(ProjectConfigurationPlatforms) = postSolution
		{56CEBE4B-7D79-41DD-89E4-E82C9F88556C}.Debug|Any CPU.ActiveCfg = Debug|Any CPU
		{56CEBE4B-7D79-41DD-89E4-E82C9F88556C}.Debug|Any CPU.Build.0 = Debug|Any CPU
		{56CEBE4B-7D79-41DD-89E4-E82C9F88556C}.Release|Any CPU.ActiveCfg = Release|Any CPU
		{56CEBE4B-7D79-41DD-89E4-E82C9F88556C}.Release|Any CPU.Build.0 = Release|Any CPU
	EndGlobalSection
	GlobalSection(SolutionProperties) = preSolution
		HideSolutionNode = FALSE
	EndGlobalSection
EndGlobal
