
Microsoft Visual Studio Solution File, Format Version 12.00
# Visual Studio 15
VisualStudioVersion = 15.0.28010.2050
MinimumVisualStudioVersion = 10.0.40219.1
Project("{FAE04EC0-301F-11D3-BF4B-00C04F79EFBC}") = "模擬練習101-04", "模擬練習101-04.csproj", "{A6023BD1-AE81-4DCD-9398-853921DA10B0}"
EndProject
Global
	GlobalSection(SolutionConfigurationPlatforms) = preSolution
		Debug|Any CPU = Debug|Any CPU
		Release|Any CPU = Release|Any CPU
	EndGlobalSection
	GlobalSection(ProjectConfigurationPlatforms) = postSolution
		{A6023BD1-AE81-4DCD-9398-853921DA10B0}.Debug|Any CPU.ActiveCfg = Debug|Any CPU
		{A6023BD1-AE81-4DCD-9398-853921DA10B0}.Debug|Any CPU.Build.0 = Debug|Any CPU
		{A6023BD1-AE81-4DCD-9398-853921DA10B0}.Release|Any CPU.ActiveCfg = Release|Any CPU
		{A6023BD1-AE81-4DCD-9398-853921DA10B0}.Release|Any CPU.Build.0 = Release|Any CPU
	EndGlobalSection
	GlobalSection(SolutionProperties) = preSolution
		HideSolutionNode = FALSE
	EndGlobalSection
	GlobalSection(ExtensibilityGlobals) = postSolution
		SolutionGuid = {6EE3B2F5-4029-4291-8F2D-039AD3550BC6}
	EndGlobalSection
EndGlobal
