
Microsoft Visual Studio Solution File, Format Version 12.00
# Visual Studio 15
VisualStudioVersion = 15.0.26430.14
MinimumVisualStudioVersion = 10.0.40219.1
Project("{FAE04EC0-301F-11D3-BF4B-00C04F79EFBC}") = "skills-100-2", "skills-100-2.csproj", "{89082F4B-071E-4B65-82FC-BABD44C9B77E}"
EndProject
Global
	GlobalSection(SolutionConfigurationPlatforms) = preSolution
		Debug|Any CPU = Debug|Any CPU
		Release|Any CPU = Release|Any CPU
	EndGlobalSection
	GlobalSection(ProjectConfigurationPlatforms) = postSolution
		{89082F4B-071E-4B65-82FC-BABD44C9B77E}.Debug|Any CPU.ActiveCfg = Debug|Any CPU
		{89082F4B-071E-4B65-82FC-BABD44C9B77E}.Debug|Any CPU.Build.0 = Debug|Any CPU
		{89082F4B-071E-4B65-82FC-BABD44C9B77E}.Release|Any CPU.ActiveCfg = Release|Any CPU
		{89082F4B-071E-4B65-82FC-BABD44C9B77E}.Release|Any CPU.Build.0 = Release|Any CPU
	EndGlobalSection
	GlobalSection(SolutionProperties) = preSolution
		HideSolutionNode = FALSE
	EndGlobalSection
EndGlobal
