
Microsoft Visual Studio Solution File, Format Version 12.00
# Visual Studio 15
VisualStudioVersion = 15.0.28010.2050
MinimumVisualStudioVersion = 10.0.40219.1
Project("{FAE04EC0-301F-11D3-BF4B-00C04F79EFBC}") = "Canny算法", "Canny算法.csproj", "{CEE8A9DE-5FA5-4F08-867A-2F1CABD53F4D}"
EndProject
Global
	GlobalSection(SolutionConfigurationPlatforms) = preSolution
		Debug|Any CPU = Debug|Any CPU
		Release|Any CPU = Release|Any CPU
	EndGlobalSection
	GlobalSection(ProjectConfigurationPlatforms) = postSolution
		{CEE8A9DE-5FA5-4F08-867A-2F1CABD53F4D}.Debug|Any CPU.ActiveCfg = Debug|Any CPU
		{CEE8A9DE-5FA5-4F08-867A-2F1CABD53F4D}.Debug|Any CPU.Build.0 = Debug|Any CPU
		{CEE8A9DE-5FA5-4F08-867A-2F1CABD53F4D}.Release|Any CPU.ActiveCfg = Release|Any CPU
		{CEE8A9DE-5FA5-4F08-867A-2F1CABD53F4D}.Release|Any CPU.Build.0 = Release|Any CPU
	EndGlobalSection
	GlobalSection(SolutionProperties) = preSolution
		HideSolutionNode = FALSE
	EndGlobalSection
	GlobalSection(ExtensibilityGlobals) = postSolution
		SolutionGuid = {CCABFA10-8733-4139-8121-922A996CDCF8}
	EndGlobalSection
EndGlobal
